
Microsoft Visual Studio Solution File, Format Version 12.00
# Visual Studio 15
VisualStudioVersion = 15.0.26124.0
MinimumVisualStudioVersion = 15.0.26124.0
Project("{FAE04EC0-301F-11D3-BF4B-00C04F79EFBC}") = "Northland.Net.Domain", "Northland.Net.Domain\Northland.Net.Domain.csproj", "{4B94B3F3-FDE6-4F58-8B89-B49E962E6DB3}"
EndProject
Project("{FAE04EC0-301F-11D3-BF4B-00C04F79EFBC}") = "Northland.Net.Application", "Northland.Net.Application\Northland.Net.Application.csproj", "{B70E531B-A7DE-4DE0-A9E8-BA102BF79783}"
EndProject
Project("{FAE04EC0-301F-11D3-BF4B-00C04F79EFBC}") = "Northland.Net.Infrastructure", "Northland.Net.Infrastructure\Northland.Net.Infrastructure.csproj", "{3253E1F9-BE59-4D75-B837-744A2CABF391}"
EndProject
Global
	GlobalSection(SolutionConfigurationPlatforms) = preSolution
		Debug|Any CPU = Debug|Any CPU
		Debug|x64 = Debug|x64
		Debug|x86 = Debug|x86
		Release|Any CPU = Release|Any CPU
		Release|x64 = Release|x64
		Release|x86 = Release|x86
	EndGlobalSection
	GlobalSection(SolutionProperties) = preSolution
		HideSolutionNode = FALSE
	EndGlobalSection
	GlobalSection(ProjectConfigurationPlatforms) = postSolution
		{4B4BEB6E-BBFE-4C8A-8E70-58F2FBF26D64}.Debug|Any CPU.ActiveCfg = Debug|Any CPU
		{4B4BEB6E-BBFE-4C8A-8E70-58F2FBF26D64}.Debug|Any CPU.Build.0 = Debug|Any CPU
		{4B4BEB6E-BBFE-4C8A-8E70-58F2FBF26D64}.Debug|x64.ActiveCfg = Debug|Any CPU
		{4B4BEB6E-BBFE-4C8A-8E70-58F2FBF26D64}.Debug|x64.Build.0 = Debug|Any CPU
		{4B4BEB6E-BBFE-4C8A-8E70-58F2FBF26D64}.Debug|x86.ActiveCfg = Debug|Any CPU
		{4B4BEB6E-BBFE-4C8A-8E70-58F2FBF26D64}.Debug|x86.Build.0 = Debug|Any CPU
		{4B4BEB6E-BBFE-4C8A-8E70-58F2FBF26D64}.Release|Any CPU.ActiveCfg = Release|Any CPU
		{4B4BEB6E-BBFE-4C8A-8E70-58F2FBF26D64}.Release|Any CPU.Build.0 = Release|Any CPU
		{4B4BEB6E-BBFE-4C8A-8E70-58F2FBF26D64}.Release|x64.ActiveCfg = Release|Any CPU
		{4B4BEB6E-BBFE-4C8A-8E70-58F2FBF26D64}.Release|x64.Build.0 = Release|Any CPU
		{4B4BEB6E-BBFE-4C8A-8E70-58F2FBF26D64}.Release|x86.ActiveCfg = Release|Any CPU
		{4B4BEB6E-BBFE-4C8A-8E70-58F2FBF26D64}.Release|x86.Build.0 = Release|Any CPU
		{4B94B3F3-FDE6-4F58-8B89-B49E962E6DB3}.Debug|Any CPU.ActiveCfg = Debug|Any CPU
		{4B94B3F3-FDE6-4F58-8B89-B49E962E6DB3}.Debug|Any CPU.Build.0 = Debug|Any CPU
		{4B94B3F3-FDE6-4F58-8B89-B49E962E6DB3}.Debug|x64.ActiveCfg = Debug|Any CPU
		{4B94B3F3-FDE6-4F58-8B89-B49E962E6DB3}.Debug|x64.Build.0 = Debug|Any CPU
		{4B94B3F3-FDE6-4F58-8B89-B49E962E6DB3}.Debug|x86.ActiveCfg = Debug|Any CPU
		{4B94B3F3-FDE6-4F58-8B89-B49E962E6DB3}.Debug|x86.Build.0 = Debug|Any CPU
		{4B94B3F3-FDE6-4F58-8B89-B49E962E6DB3}.Release|Any CPU.ActiveCfg = Release|Any CPU
		{4B94B3F3-FDE6-4F58-8B89-B49E962E6DB3}.Release|Any CPU.Build.0 = Release|Any CPU
		{4B94B3F3-FDE6-4F58-8B89-B49E962E6DB3}.Release|x64.ActiveCfg = Release|Any CPU
		{4B94B3F3-FDE6-4F58-8B89-B49E962E6DB3}.Release|x64.Build.0 = Release|Any CPU
		{4B94B3F3-FDE6-4F58-8B89-B49E962E6DB3}.Release|x86.ActiveCfg = Release|Any CPU
		{4B94B3F3-FDE6-4F58-8B89-B49E962E6DB3}.Release|x86.Build.0 = Release|Any CPU
		{1F9DE71A-8926-40A5-8EC9-9B20639FDB13}.Debug|Any CPU.ActiveCfg = Debug|Any CPU
		{1F9DE71A-8926-40A5-8EC9-9B20639FDB13}.Debug|Any CPU.Build.0 = Debug|Any CPU
		{1F9DE71A-8926-40A5-8EC9-9B20639FDB13}.Debug|x64.ActiveCfg = Debug|Any CPU
		{1F9DE71A-8926-40A5-8EC9-9B20639FDB13}.Debug|x64.Build.0 = Debug|Any CPU
		{1F9DE71A-8926-40A5-8EC9-9B20639FDB13}.Debug|x86.ActiveCfg = Debug|Any CPU
		{1F9DE71A-8926-40A5-8EC9-9B20639FDB13}.Debug|x86.Build.0 = Debug|Any CPU
		{1F9DE71A-8926-40A5-8EC9-9B20639FDB13}.Release|Any CPU.ActiveCfg = Release|Any CPU
		{1F9DE71A-8926-40A5-8EC9-9B20639FDB13}.Release|Any CPU.Build.0 = Release|Any CPU
		{1F9DE71A-8926-40A5-8EC9-9B20639FDB13}.Release|x64.ActiveCfg = Release|Any CPU
		{1F9DE71A-8926-40A5-8EC9-9B20639FDB13}.Release|x64.Build.0 = Release|Any CPU
		{1F9DE71A-8926-40A5-8EC9-9B20639FDB13}.Release|x86.ActiveCfg = Release|Any CPU
		{1F9DE71A-8926-40A5-8EC9-9B20639FDB13}.Release|x86.Build.0 = Release|Any CPU
		{B70E531B-A7DE-4DE0-A9E8-BA102BF79783}.Debug|Any CPU.ActiveCfg = Debug|Any CPU
		{B70E531B-A7DE-4DE0-A9E8-BA102BF79783}.Debug|Any CPU.Build.0 = Debug|Any CPU
		{B70E531B-A7DE-4DE0-A9E8-BA102BF79783}.Debug|x64.ActiveCfg = Debug|Any CPU
		{B70E531B-A7DE-4DE0-A9E8-BA102BF79783}.Debug|x64.Build.0 = Debug|Any CPU
		{B70E531B-A7DE-4DE0-A9E8-BA102BF79783}.Debug|x86.ActiveCfg = Debug|Any CPU
		{B70E531B-A7DE-4DE0-A9E8-BA102BF79783}.Debug|x86.Build.0 = Debug|Any CPU
		{B70E531B-A7DE-4DE0-A9E8-BA102BF79783}.Release|Any CPU.ActiveCfg = Release|Any CPU
		{B70E531B-A7DE-4DE0-A9E8-BA102BF79783}.Release|Any CPU.Build.0 = Release|Any CPU
		{B70E531B-A7DE-4DE0-A9E8-BA102BF79783}.Release|x64.ActiveCfg = Release|Any CPU
		{B70E531B-A7DE-4DE0-A9E8-BA102BF79783}.Release|x64.Build.0 = Release|Any CPU
		{B70E531B-A7DE-4DE0-A9E8-BA102BF79783}.Release|x86.ActiveCfg = Release|Any CPU
		{B70E531B-A7DE-4DE0-A9E8-BA102BF79783}.Release|x86.Build.0 = Release|Any CPU
		{3253E1F9-BE59-4D75-B837-744A2CABF391}.Debug|Any CPU.ActiveCfg = Debug|Any CPU
		{3253E1F9-BE59-4D75-B837-744A2CABF391}.Debug|Any CPU.Build.0 = Debug|Any CPU
		{3253E1F9-BE59-4D75-B837-744A2CABF391}.Debug|x64.ActiveCfg = Debug|Any CPU
		{3253E1F9-BE59-4D75-B837-744A2CABF391}.Debug|x64.Build.0 = Debug|Any CPU
		{3253E1F9-BE59-4D75-B837-744A2CABF391}.Debug|x86.ActiveCfg = Debug|Any CPU
		{3253E1F9-BE59-4D75-B837-744A2CABF391}.Debug|x86.Build.0 = Debug|Any CPU
		{3253E1F9-BE59-4D75-B837-744A2CABF391}.Release|Any CPU.ActiveCfg = Release|Any CPU
		{3253E1F9-BE59-4D75-B837-744A2CABF391}.Release|Any CPU.Build.0 = Release|Any CPU
		{3253E1F9-BE59-4D75-B837-744A2CABF391}.Release|x64.ActiveCfg = Release|Any CPU
		{3253E1F9-BE59-4D75-B837-744A2CABF391}.Release|x64.Build.0 = Release|Any CPU
		{3253E1F9-BE59-4D75-B837-744A2CABF391}.Release|x86.ActiveCfg = Release|Any CPU
		{3253E1F9-BE59-4D75-B837-744A2CABF391}.Release|x86.Build.0 = Release|Any CPU
	EndGlobalSection
EndGlobal
